Microsoft Visual Studio Solution File, Format Version 12.00
# Visual Studio 2012
Project("{FAE04EC0-301F-11D3-BF4B-00C04F79EFBC}") = "Vigilante", "Vigilante.csproj", "{8022A370-2F50-42F6-B8F6-7A00D65710BF}"
EndProject
Global
	GlobalSection(SolutionConfigurationPlatforms) = preSolution
	Debug|Any CPU = Debug|Any CPU
	ExportDebug|Any CPU = ExportDebug|Any CPU
	ExportRelease|Any CPU = ExportRelease|Any CPU
	EndGlobalSection
	GlobalSection(ProjectConfigurationPlatforms) = postSolution
		{8022A370-2F50-42F6-B8F6-7A00D65710BF}.Debug|Any CPU.ActiveCfg = Debug|Any CPU
		{8022A370-2F50-42F6-B8F6-7A00D65710BF}.Debug|Any CPU.Build.0 = Debug|Any CPU
		{8022A370-2F50-42F6-B8F6-7A00D65710BF}.ExportDebug|Any CPU.ActiveCfg = ExportDebug|Any CPU
		{8022A370-2F50-42F6-B8F6-7A00D65710BF}.ExportDebug|Any CPU.Build.0 = ExportDebug|Any CPU
		{8022A370-2F50-42F6-B8F6-7A00D65710BF}.ExportRelease|Any CPU.ActiveCfg = ExportRelease|Any CPU
		{8022A370-2F50-42F6-B8F6-7A00D65710BF}.ExportRelease|Any CPU.Build.0 = ExportRelease|Any CPU
	EndGlobalSection
EndGlobal
